dependencies:
  csv-stringify: 1.1.2
lockfileVersion: 5
packages:
  /csv-stringify/1.1.2:
    dependencies:
      lodash.get: 4.4.2
    dev: false
    resolution:
      integrity: sha1-d6QVJlgbzjOA8SsA18W7rHDIK1g=
  /lodash.get/4.4.2:
    dev: false
    resolution:
      integrity: sha1-LRd/ZS+jHpObRDjVNBSZ36OCXpk=
specifiers:
  csv-stringify: ^1.0.4
